lockfileVersion: 5.4

specifiers:
  '@headlessui/react': ^1.6.1
  '@heroicons/react': ^1.0.6
  '@types/react': ^18.0.9
  baby-i-am-faded: ^4.0.10
  classnames: ^2.3.1
  clsx: ^1.1.1
  colord: ^2.9.2
  react-hook-form: ^7.31.1
  swr: ^1.3.0

dependencies:
  '@headlessui/react': 1.6.1
  '@heroicons/react': 1.0.6
  '@types/react': 18.0.9
  baby-i-am-faded: 4.0.10
  classnames: 2.3.1
  clsx: 1.1.1
  colord: 2.9.2
  react-hook-form: 7.31.1
  swr: 1.3.0

packages:

  /@headlessui/react/1.6.1:
    resolution: {integrity: sha512-gMd6uIs1U4Oz718Z5gFoV0o/vD43/4zvbyiJN9Dt7PK9Ubxn+TmJwTmYwyNJc5KxxU1t0CmgTNgwZX9+4NjCnQ==}
    engines: {node: '>=10'}
    peerDependencies:
      react: ^16 || ^17 || ^18
      react-dom: ^16 || ^17 || ^18
    dev: false

  /@heroicons/react/1.0.6:
    resolution: {integrity: sha512-JJCXydOFWMDpCP4q13iEplA503MQO3xLoZiKum+955ZCtHINWnx26CUxVxxFQu/uLb4LW3ge15ZpzIkXKkJ8oQ==}
    peerDependencies:
      react: '>= 16'
    dev: false

  /@types/prop-types/15.7.5:
    resolution: {integrity: sha512-JCB8C6SnDoQf0cNycqd/35A7MjcnK+ZTqE7judS6o7utxUCg6imJg3QK2qzHKszlTjcj2cn+NwMB2i96ubpj7w==}
    dev: false

  /@types/react/18.0.9:
    resolution: {integrity: sha512-9bjbg1hJHUm4De19L1cHiW0Jvx3geel6Qczhjd0qY5VKVE2X5+x77YxAepuCwVh4vrgZJdgEJw48zrhRIeF4Nw==}
    dependencies:
      '@types/prop-types': 15.7.5
      '@types/scheduler': 0.16.2
      csstype: 3.1.0
    dev: false

  /@types/scheduler/0.16.2:
    resolution: {integrity: sha512-hppQEBDmlwhFAXKJX2KnWLYu5yMfi91yazPb2l+lbJiwW+wdo1gNeRA+3RgNSO39WYX2euey41KEwnqesU2Jew==}
    dev: false

  /baby-i-am-faded/4.0.10:
    resolution: {integrity: sha512-swk8IE5r8DXSOlUT+XeAov9HAGJXgCEXid7jVFpRzbf8unnCJYN0ISTIZ1iEqDxYM9hFoHdPc2yYxvVgrm3Fpg==}
    peerDependencies:
      react: '*'
    dependencies:
      react-intersection-observer: 8.34.0
    dev: false

  /classnames/2.3.1:
    resolution: {integrity: sha512-OlQdbZ7gLfGarSqxesMesDa5uz7KFbID8Kpq/SxIoNGDqY8lSYs0D+hhtBXhcdB3rcbXArFr7vlHheLk1voeNA==}
    dev: false

  /clsx/1.1.1:
    resolution: {integrity: sha512-6/bPho624p3S2pMyvP5kKBPXnI3ufHLObBFCfgx+LkeR5lg2XYy2hqZqUf45ypD8COn2bhgGJSUE+l5dhNBieA==}
    engines: {node: '>=6'}
    dev: false

  /colord/2.9.2:
    resolution: {integrity: sha512-Uqbg+J445nc1TKn4FoDPS6ZZqAvEDnwrH42yo8B40JSOgSLxMZ/gt3h4nmCtPLQeXhjJJkqBx7SCY35WnIixaQ==}
    dev: false

  /csstype/3.1.0:
    resolution: {integrity: sha512-uX1KG+x9h5hIJsaKR9xHUeUraxf8IODOwq9JLNPq6BwB04a/xgpq3rcx47l5BZu5zBPlgD342tdke3Hom/nJRA==}
    dev: false

  /react-hook-form/7.31.1:
    resolution: {integrity: sha512-QjtjZ8r8KtEBWWpcXLyQordCraTFxILtyQpaz5KLLxN2YzcC+FZ9LLtOnNGuOnzZo9gCoB+viK3ZHV9Mb2htmQ==}
    engines: {node: '>=12.22.0'}
    peerDependencies:
      react: ^16.8.0 || ^17 || ^18
    dev: false

  /react-intersection-observer/8.34.0:
    resolution: {integrity: sha512-TYKh52Zc0Uptp5/b4N91XydfSGKubEhgZRtcg1rhTKABXijc4Sdr1uTp5lJ8TN27jwUsdXxjHXtHa0kPj704sw==}
    peerDependencies:
      react: ^15.0.0 || ^16.0.0 || ^17.0.0|| ^18.0.0
    dev: false

  /swr/1.3.0:
    resolution: {integrity: sha512-dkghQrOl2ORX9HYrMDtPa7LTVHJjCTeZoB1dqTbnnEDlSvN8JEKpYIYurDfvbQFUUS8Cg8PceFVZNkW0KNNYPw==}
    peerDependencies:
      react: ^16.11.0 || ^17.0.0 || ^18.0.0
    dev: false
